
Microsoft Visual Studio Solution File, Format Version 12.00
# Visual Studio 15
VisualStudioVersion = 15.0.27130.2024
MinimumVisualStudioVersion = 10.0.40219.1
Project("{9A19103F-16F7-4668-BE54-9A1E7A4F7556}") = "Problem 3. Miles to Kilometers", "Problem 3. Miles to Kilometers.csproj", "{4FFE24DE-AB51-4782-8DED-2BB4C558F847}"
EndProject
Global
	GlobalSection(SolutionConfigurationPlatforms) = preSolution
		Debug|Any CPU = Debug|Any CPU
		Release|Any CPU = Release|Any CPU
	EndGlobalSection
	GlobalSection(ProjectConfigurationPlatforms) = postSolution
		{4FFE24DE-AB51-4782-8DED-2BB4C558F847}.Debug|Any CPU.ActiveCfg = Debug|Any CPU
		{4FFE24DE-AB51-4782-8DED-2BB4C558F847}.Debug|Any CPU.Build.0 = Debug|Any CPU
		{4FFE24DE-AB51-4782-8DED-2BB4C558F847}.Release|Any CPU.ActiveCfg = Release|Any CPU
		{4FFE24DE-AB51-4782-8DED-2BB4C558F847}.Release|Any CPU.Build.0 = Release|Any CPU
	EndGlobalSection
	GlobalSection(SolutionProperties) = preSolution
		HideSolutionNode = FALSE
	EndGlobalSection
	GlobalSection(ExtensibilityGlobals) = postSolution
		SolutionGuid = {E1490ACD-EBB0-4470-8366-9DBAE8B1CC00}
	EndGlobalSection
EndGlobal
