
Microsoft Visual Studio Solution File, Format Version 12.00
# Visual Studio 15
VisualStudioVersion = 15.0.27130.2024
MinimumVisualStudioVersion = 10.0.40219.1
Project("{9A19103F-16F7-4668-BE54-9A1E7A4F7556}") = "Problem 1. Debit Card Number", "Problem 1. Debit Card Number.csproj", "{B08C73E8-36E5-4F4D-9440-6DA23EC0205D}"
EndProject
Global
	GlobalSection(SolutionConfigurationPlatforms) = preSolution
		Debug|Any CPU = Debug|Any CPU
		Release|Any CPU = Release|Any CPU
	EndGlobalSection
	GlobalSection(ProjectConfigurationPlatforms) = postSolution
		{B08C73E8-36E5-4F4D-9440-6DA23EC0205D}.Debug|Any CPU.ActiveCfg = Debug|Any CPU
		{B08C73E8-36E5-4F4D-9440-6DA23EC0205D}.Debug|Any CPU.Build.0 = Debug|Any CPU
		{B08C73E8-36E5-4F4D-9440-6DA23EC0205D}.Release|Any CPU.ActiveCfg = Release|Any CPU
		{B08C73E8-36E5-4F4D-9440-6DA23EC0205D}.Release|Any CPU.Build.0 = Release|Any CPU
	EndGlobalSection
	GlobalSection(SolutionProperties) = preSolution
		HideSolutionNode = FALSE
	EndGlobalSection
	GlobalSection(ExtensibilityGlobals) = postSolution
		SolutionGuid = {50079FDD-8352-4684-A9B8-D569BA588E7A}
	EndGlobalSection
EndGlobal
